
Microsoft Visual Studio Solution File, Format Version 12.00
# Visual Studio 15
VisualStudioVersion = 15.0.28307.757
MinimumVisualStudioVersion = 10.0.40219.1
Project("{8BC9CEB8-8B4A-11D0-8D11-00A0C91BC942}") = "多态-PK小游戏", "多态-PK小游戏\多态-PK小游戏.vcxproj", "{EBE2432C-FA4E-478C-A1E3-85AA636B0C17}"
EndProject
Global
	GlobalSection(SolutionConfigurationPlatforms) = preSolution
		Debug|x64 = Debug|x64
		Debug|x86 = Debug|x86
		Release|x64 = Release|x64
		Release|x86 = Release|x86
	EndGlobalSection
	GlobalSection(ProjectConfigurationPlatforms) = postSolution
		{EBE2432C-FA4E-478C-A1E3-85AA636B0C17}.Debug|x64.ActiveCfg = Debug|x64
		{EBE2432C-FA4E-478C-A1E3-85AA636B0C17}.Debug|x64.Build.0 = Debug|x64
		{EBE2432C-FA4E-478C-A1E3-85AA636B0C17}.Debug|x86.ActiveCfg = Debug|Win32
		{EBE2432C-FA4E-478C-A1E3-85AA636B0C17}.Debug|x86.Build.0 = Debug|Win32
		{EBE2432C-FA4E-478C-A1E3-85AA636B0C17}.Release|x64.ActiveCfg = Release|x64
		{EBE2432C-FA4E-478C-A1E3-85AA636B0C17}.Release|x64.Build.0 = Release|x64
		{EBE2432C-FA4E-478C-A1E3-85AA636B0C17}.Release|x86.ActiveCfg = Release|Win32
		{EBE2432C-FA4E-478C-A1E3-85AA636B0C17}.Release|x86.Build.0 = Release|Win32
	EndGlobalSection
	GlobalSection(SolutionProperties) = preSolution
		HideSolutionNode = FALSE
	EndGlobalSection
	GlobalSection(ExtensibilityGlobals) = postSolution
		SolutionGuid = {E918353B-0EF5-4BBF-A6E2-EBBDE5A4A96A}
	EndGlobalSection
EndGlobal
