
Microsoft Visual Studio Solution File, Format Version 10.00
# Visual Studio 2008
Project("{8BC9CEB8-8B4A-11D0-8D11-00A0C91BC942}") = "2_26", "2_26\2_26.vcproj", "{55AFA00C-2C34-43FF-90B7-4BDD8F14F022}"
EndProject
Global
	GlobalSection(SolutionConfigurationPlatforms) = preSolution
		Debug|Win32 = Debug|Win32
		Release|Win32 = Release|Win32
	EndGlobalSection
	GlobalSection(ProjectConfigurationPlatforms) = postSolution
		{55AFA00C-2C34-43FF-90B7-4BDD8F14F022}.Debug|Win32.ActiveCfg = Debug|Win32
		{55AFA00C-2C34-43FF-90B7-4BDD8F14F022}.Debug|Win32.Build.0 = Debug|Win32
		{55AFA00C-2C34-43FF-90B7-4BDD8F14F022}.Release|Win32.ActiveCfg = Release|Win32
		{55AFA00C-2C34-43FF-90B7-4BDD8F14F022}.Release|Win32.Build.0 = Release|Win32
	EndGlobalSection
	GlobalSection(SolutionProperties) = preSolution
		HideSolutionNode = FALSE
	EndGlobalSection
EndGlobal
