
Microsoft Visual Studio Solution File, Format Version 12.00
# Visual Studio 15
VisualStudioVersion = 15.0.28307.757
MinimumVisualStudioVersion = 10.0.40219.1
Project("{8BC9CEB8-8B4A-11D0-8D11-00A0C91BC942}") = "菱形继承的概念及问题", "菱形继承的概念及问题\菱形继承的概念及问题.vcxproj", "{DAA488B6-9D6E-4A76-B36F-392B6FD65A7C}"
EndProject
Global
	GlobalSection(SolutionConfigurationPlatforms) = preSolution
		Debug|x64 = Debug|x64
		Debug|x86 = Debug|x86
		Release|x64 = Release|x64
		Release|x86 = Release|x86
	EndGlobalSection
	GlobalSection(ProjectConfigurationPlatforms) = postSolution
		{DAA488B6-9D6E-4A76-B36F-392B6FD65A7C}.Debug|x64.ActiveCfg = Debug|x64
		{DAA488B6-9D6E-4A76-B36F-392B6FD65A7C}.Debug|x64.Build.0 = Debug|x64
		{DAA488B6-9D6E-4A76-B36F-392B6FD65A7C}.Debug|x86.ActiveCfg = Debug|Win32
		{DAA488B6-9D6E-4A76-B36F-392B6FD65A7C}.Debug|x86.Build.0 = Debug|Win32
		{DAA488B6-9D6E-4A76-B36F-392B6FD65A7C}.Release|x64.ActiveCfg = Release|x64
		{DAA488B6-9D6E-4A76-B36F-392B6FD65A7C}.Release|x64.Build.0 = Release|x64
		{DAA488B6-9D6E-4A76-B36F-392B6FD65A7C}.Release|x86.ActiveCfg = Release|Win32
		{DAA488B6-9D6E-4A76-B36F-392B6FD65A7C}.Release|x86.Build.0 = Release|Win32
	EndGlobalSection
	GlobalSection(SolutionProperties) = preSolution
		HideSolutionNode = FALSE
	EndGlobalSection
	GlobalSection(ExtensibilityGlobals) = postSolution
		SolutionGuid = {47433E6C-8B3A-4955-AAAA-63D5738D1AFD}
	EndGlobalSection
EndGlobal
