
Microsoft Visual Studio Solution File, Format Version 12.00
# Visual Studio 15
VisualStudioVersion = 15.0.28307.757
MinimumVisualStudioVersion = 10.0.40219.1
Project("{8BC9CEB8-8B4A-11D0-8D11-00A0C91BC942}") = "9_27", "9_27\9_27.vcxproj", "{44741285-0BB9-4CF0-BF98-AF38726356F0}"
EndProject
Project("{8BC9CEB8-8B4A-11D0-8D11-00A0C91BC942}") = "构造函数调用规则", "构造函数调用规则\构造函数调用规则.vcxproj", "{AC05293C-6505-404C-9F6C-8C7E879F4E33}"
EndProject
Global
	GlobalSection(SolutionConfigurationPlatforms) = preSolution
		Debug|x64 = Debug|x64
		Debug|x86 = Debug|x86
		Release|x64 = Release|x64
		Release|x86 = Release|x86
	EndGlobalSection
	GlobalSection(ProjectConfigurationPlatforms) = postSolution
		{44741285-0BB9-4CF0-BF98-AF38726356F0}.Debug|x64.ActiveCfg = Debug|x64
		{44741285-0BB9-4CF0-BF98-AF38726356F0}.Debug|x64.Build.0 = Debug|x64
		{44741285-0BB9-4CF0-BF98-AF38726356F0}.Debug|x86.ActiveCfg = Debug|Win32
		{44741285-0BB9-4CF0-BF98-AF38726356F0}.Debug|x86.Build.0 = Debug|Win32
		{44741285-0BB9-4CF0-BF98-AF38726356F0}.Release|x64.ActiveCfg = Release|x64
		{44741285-0BB9-4CF0-BF98-AF38726356F0}.Release|x64.Build.0 = Release|x64
		{44741285-0BB9-4CF0-BF98-AF38726356F0}.Release|x86.ActiveCfg = Release|Win32
		{44741285-0BB9-4CF0-BF98-AF38726356F0}.Release|x86.Build.0 = Release|Win32
		{AC05293C-6505-404C-9F6C-8C7E879F4E33}.Debug|x64.ActiveCfg = Debug|x64
		{AC05293C-6505-404C-9F6C-8C7E879F4E33}.Debug|x64.Build.0 = Debug|x64
		{AC05293C-6505-404C-9F6C-8C7E879F4E33}.Debug|x86.ActiveCfg = Debug|Win32
		{AC05293C-6505-404C-9F6C-8C7E879F4E33}.Debug|x86.Build.0 = Debug|Win32
		{AC05293C-6505-404C-9F6C-8C7E879F4E33}.Release|x64.ActiveCfg = Release|x64
		{AC05293C-6505-404C-9F6C-8C7E879F4E33}.Release|x64.Build.0 = Release|x64
		{AC05293C-6505-404C-9F6C-8C7E879F4E33}.Release|x86.ActiveCfg = Release|Win32
		{AC05293C-6505-404C-9F6C-8C7E879F4E33}.Release|x86.Build.0 = Release|Win32
	EndGlobalSection
	GlobalSection(SolutionProperties) = preSolution
		HideSolutionNode = FALSE
	EndGlobalSection
	GlobalSection(ExtensibilityGlobals) = postSolution
		SolutionGuid = {960018CC-7400-4B39-A77B-70F2A4BB2195}
	EndGlobalSection
EndGlobal
