
Microsoft Visual Studio Solution File, Format Version 10.00
# Visual Studio 2008
Project("{8BC9CEB8-8B4A-11D0-8D11-00A0C91BC942}") = "3_6", "3_6\3_6.vcproj", "{1FF649D1-0ED5-4DAB-A9E8-5C0D67D57C0D}"
EndProject
Global
	GlobalSection(SolutionConfigurationPlatforms) = preSolution
		Debug|Win32 = Debug|Win32
		Release|Win32 = Release|Win32
	EndGlobalSection
	GlobalSection(ProjectConfigurationPlatforms) = postSolution
		{1FF649D1-0ED5-4DAB-A9E8-5C0D67D57C0D}.Debug|Win32.ActiveCfg = Debug|Win32
		{1FF649D1-0ED5-4DAB-A9E8-5C0D67D57C0D}.Debug|Win32.Build.0 = Debug|Win32
		{1FF649D1-0ED5-4DAB-A9E8-5C0D67D57C0D}.Release|Win32.ActiveCfg = Release|Win32
		{1FF649D1-0ED5-4DAB-A9E8-5C0D67D57C0D}.Release|Win32.Build.0 = Release|Win32
	EndGlobalSection
	GlobalSection(SolutionProperties) = preSolution
		HideSolutionNode = FALSE
	EndGlobalSection
EndGlobal
