
Microsoft Visual Studio Solution File, Format Version 12.00
# Visual Studio 15
VisualStudioVersion = 15.0.28307.757
MinimumVisualStudioVersion = 10.0.40219.1
Project("{8BC9CEB8-8B4A-11D0-8D11-00A0C91BC942}") = "9_8", "9_8\9_8.vcxproj", "{51DF6B16-076F-444F-8032-4786DDAA5460}"
EndProject
Project("{8BC9CEB8-8B4A-11D0-8D11-00A0C91BC942}") = "设计学生类", "设计学生类\设计学生类.vcxproj", "{01D0C531-6E8D-45CB-8756-0902D2547A01}"
EndProject
Global
	GlobalSection(SolutionConfigurationPlatforms) = preSolution
		Debug|x64 = Debug|x64
		Debug|x86 = Debug|x86
		Release|x64 = Release|x64
		Release|x86 = Release|x86
	EndGlobalSection
	GlobalSection(ProjectConfigurationPlatforms) = postSolution
		{51DF6B16-076F-444F-8032-4786DDAA5460}.Debug|x64.ActiveCfg = Debug|x64
		{51DF6B16-076F-444F-8032-4786DDAA5460}.Debug|x64.Build.0 = Debug|x64
		{51DF6B16-076F-444F-8032-4786DDAA5460}.Debug|x86.ActiveCfg = Debug|Win32
		{51DF6B16-076F-444F-8032-4786DDAA5460}.Debug|x86.Build.0 = Debug|Win32
		{51DF6B16-076F-444F-8032-4786DDAA5460}.Release|x64.ActiveCfg = Release|x64
		{51DF6B16-076F-444F-8032-4786DDAA5460}.Release|x64.Build.0 = Release|x64
		{51DF6B16-076F-444F-8032-4786DDAA5460}.Release|x86.ActiveCfg = Release|Win32
		{51DF6B16-076F-444F-8032-4786DDAA5460}.Release|x86.Build.0 = Release|Win32
		{01D0C531-6E8D-45CB-8756-0902D2547A01}.Debug|x64.ActiveCfg = Debug|x64
		{01D0C531-6E8D-45CB-8756-0902D2547A01}.Debug|x64.Build.0 = Debug|x64
		{01D0C531-6E8D-45CB-8756-0902D2547A01}.Debug|x86.ActiveCfg = Debug|Win32
		{01D0C531-6E8D-45CB-8756-0902D2547A01}.Debug|x86.Build.0 = Debug|Win32
		{01D0C531-6E8D-45CB-8756-0902D2547A01}.Release|x64.ActiveCfg = Release|x64
		{01D0C531-6E8D-45CB-8756-0902D2547A01}.Release|x64.Build.0 = Release|x64
		{01D0C531-6E8D-45CB-8756-0902D2547A01}.Release|x86.ActiveCfg = Release|Win32
		{01D0C531-6E8D-45CB-8756-0902D2547A01}.Release|x86.Build.0 = Release|Win32
	EndGlobalSection
	GlobalSection(SolutionProperties) = preSolution
		HideSolutionNode = FALSE
	EndGlobalSection
	GlobalSection(ExtensibilityGlobals) = postSolution
		SolutionGuid = {A20DEC0F-5E08-49DE-B9AD-254D479D863D}
	EndGlobalSection
EndGlobal
