
Microsoft Visual Studio Solution File, Format Version 12.00
# Visual Studio 15
VisualStudioVersion = 15.0.28307.757
MinimumVisualStudioVersion = 10.0.40219.1
Project("{8BC9CEB8-8B4A-11D0-8D11-00A0C91BC942}") = "继承中静态成员处理", "继承中静态成员处理\继承中静态成员处理.vcxproj", "{3AC28DA1-F7FB-45CE-A1B8-4604C71353D0}"
EndProject
Project("{8BC9CEB8-8B4A-11D0-8D11-00A0C91BC942}") = "多继承概念及问题", "多继承概念及问题\多继承概念及问题.vcxproj", "{84943E73-FCB7-490F-8034-A41FA097425D}"
EndProject
Global
	GlobalSection(SolutionConfigurationPlatforms) = preSolution
		Debug|x64 = Debug|x64
		Debug|x86 = Debug|x86
		Release|x64 = Release|x64
		Release|x86 = Release|x86
	EndGlobalSection
	GlobalSection(ProjectConfigurationPlatforms) = postSolution
		{3AC28DA1-F7FB-45CE-A1B8-4604C71353D0}.Debug|x64.ActiveCfg = Debug|x64
		{3AC28DA1-F7FB-45CE-A1B8-4604C71353D0}.Debug|x64.Build.0 = Debug|x64
		{3AC28DA1-F7FB-45CE-A1B8-4604C71353D0}.Debug|x86.ActiveCfg = Debug|Win32
		{3AC28DA1-F7FB-45CE-A1B8-4604C71353D0}.Debug|x86.Build.0 = Debug|Win32
		{3AC28DA1-F7FB-45CE-A1B8-4604C71353D0}.Release|x64.ActiveCfg = Release|x64
		{3AC28DA1-F7FB-45CE-A1B8-4604C71353D0}.Release|x64.Build.0 = Release|x64
		{3AC28DA1-F7FB-45CE-A1B8-4604C71353D0}.Release|x86.ActiveCfg = Release|Win32
		{3AC28DA1-F7FB-45CE-A1B8-4604C71353D0}.Release|x86.Build.0 = Release|Win32
		{84943E73-FCB7-490F-8034-A41FA097425D}.Debug|x64.ActiveCfg = Debug|x64
		{84943E73-FCB7-490F-8034-A41FA097425D}.Debug|x64.Build.0 = Debug|x64
		{84943E73-FCB7-490F-8034-A41FA097425D}.Debug|x86.ActiveCfg = Debug|Win32
		{84943E73-FCB7-490F-8034-A41FA097425D}.Debug|x86.Build.0 = Debug|Win32
		{84943E73-FCB7-490F-8034-A41FA097425D}.Release|x64.ActiveCfg = Release|x64
		{84943E73-FCB7-490F-8034-A41FA097425D}.Release|x64.Build.0 = Release|x64
		{84943E73-FCB7-490F-8034-A41FA097425D}.Release|x86.ActiveCfg = Release|Win32
		{84943E73-FCB7-490F-8034-A41FA097425D}.Release|x86.Build.0 = Release|Win32
	EndGlobalSection
	GlobalSection(SolutionProperties) = preSolution
		HideSolutionNode = FALSE
	EndGlobalSection
	GlobalSection(ExtensibilityGlobals) = postSolution
		SolutionGuid = {C5E6378D-5FE4-407B-8FDE-D02E8768CE5B}
	EndGlobalSection
EndGlobal
