
Microsoft Visual Studio Solution File, Format Version 12.00
# Visual Studio 15
VisualStudioVersion = 15.0.28307.757
MinimumVisualStudioVersion = 10.0.40219.1
Project("{8BC9CEB8-8B4A-11D0-8D11-00A0C91BC942}") = "this指针的使用", "this指针的使用\this指针的使用.vcxproj", "{4CEAB079-E94E-4B98-9711-14BC69D342CB}"
EndProject
Project("{8BC9CEB8-8B4A-11D0-8D11-00A0C91BC942}") = "空指针访问成员函数", "空指针访问成员函数\空指针访问成员函数.vcxproj", "{A53E1E78-FDD3-434F-8B5A-29416809493E}"
EndProject
Project("{8BC9CEB8-8B4A-11D0-8D11-00A0C91BC942}") = "const修饰成员函数", "const修饰成员函数\const修饰成员函数.vcxproj", "{F54E8DD7-4CAF-479D-AA8A-911E8DC504D7}"
EndProject
Global
	GlobalSection(SolutionConfigurationPlatforms) = preSolution
		Debug|x64 = Debug|x64
		Debug|x86 = Debug|x86
		Release|x64 = Release|x64
		Release|x86 = Release|x86
	EndGlobalSection
	GlobalSection(ProjectConfigurationPlatforms) = postSolution
		{4CEAB079-E94E-4B98-9711-14BC69D342CB}.Debug|x64.ActiveCfg = Debug|x64
		{4CEAB079-E94E-4B98-9711-14BC69D342CB}.Debug|x64.Build.0 = Debug|x64
		{4CEAB079-E94E-4B98-9711-14BC69D342CB}.Debug|x86.ActiveCfg = Debug|Win32
		{4CEAB079-E94E-4B98-9711-14BC69D342CB}.Debug|x86.Build.0 = Debug|Win32
		{4CEAB079-E94E-4B98-9711-14BC69D342CB}.Release|x64.ActiveCfg = Release|x64
		{4CEAB079-E94E-4B98-9711-14BC69D342CB}.Release|x64.Build.0 = Release|x64
		{4CEAB079-E94E-4B98-9711-14BC69D342CB}.Release|x86.ActiveCfg = Release|Win32
		{4CEAB079-E94E-4B98-9711-14BC69D342CB}.Release|x86.Build.0 = Release|Win32
		{A53E1E78-FDD3-434F-8B5A-29416809493E}.Debug|x64.ActiveCfg = Debug|x64
		{A53E1E78-FDD3-434F-8B5A-29416809493E}.Debug|x64.Build.0 = Debug|x64
		{A53E1E78-FDD3-434F-8B5A-29416809493E}.Debug|x86.ActiveCfg = Debug|Win32
		{A53E1E78-FDD3-434F-8B5A-29416809493E}.Debug|x86.Build.0 = Debug|Win32
		{A53E1E78-FDD3-434F-8B5A-29416809493E}.Release|x64.ActiveCfg = Release|x64
		{A53E1E78-FDD3-434F-8B5A-29416809493E}.Release|x64.Build.0 = Release|x64
		{A53E1E78-FDD3-434F-8B5A-29416809493E}.Release|x86.ActiveCfg = Release|Win32
		{A53E1E78-FDD3-434F-8B5A-29416809493E}.Release|x86.Build.0 = Release|Win32
		{F54E8DD7-4CAF-479D-AA8A-911E8DC504D7}.Debug|x64.ActiveCfg = Debug|x64
		{F54E8DD7-4CAF-479D-AA8A-911E8DC504D7}.Debug|x64.Build.0 = Debug|x64
		{F54E8DD7-4CAF-479D-AA8A-911E8DC504D7}.Debug|x86.ActiveCfg = Debug|Win32
		{F54E8DD7-4CAF-479D-AA8A-911E8DC504D7}.Debug|x86.Build.0 = Debug|Win32
		{F54E8DD7-4CAF-479D-AA8A-911E8DC504D7}.Release|x64.ActiveCfg = Release|x64
		{F54E8DD7-4CAF-479D-AA8A-911E8DC504D7}.Release|x64.Build.0 = Release|x64
		{F54E8DD7-4CAF-479D-AA8A-911E8DC504D7}.Release|x86.ActiveCfg = Release|Win32
		{F54E8DD7-4CAF-479D-AA8A-911E8DC504D7}.Release|x86.Build.0 = Release|Win32
	EndGlobalSection
	GlobalSection(SolutionProperties) = preSolution
		HideSolutionNode = FALSE
	EndGlobalSection
	GlobalSection(ExtensibilityGlobals) = postSolution
		SolutionGuid = {2BB2A934-3521-4FF4-A433-4520C0F91BED}
	EndGlobalSection
EndGlobal
